
Microsoft Visual Studio Solution File, Format Version 12.00
# Visual Studio Version 17
VisualStudioVersion = 17.4.33403.182
MinimumVisualStudioVersion = 10.0.40219.1
Project("{FAE04EC0-301F-11D3-BF4B-00C04F79EFBC}") = "Projekt_Arena", "Projekt_Arena.csproj", "{E0A57ACA-9CDE-4027-808C-96B451176066}"
EndProject
Global
	GlobalSection(SolutionConfigurationPlatforms) = preSolution
		Debug|Any CPU = Debug|Any CPU
		Release|Any CPU = Release|Any CPU
	EndGlobalSection
	GlobalSection(ProjectConfigurationPlatforms) = postSolution
		{E0A57ACA-9CDE-4027-808C-96B451176066}.Debug|Any CPU.ActiveCfg = Debug|Any CPU
		{E0A57ACA-9CDE-4027-808C-96B451176066}.Debug|Any CPU.Build.0 = Debug|Any CPU
		{E0A57ACA-9CDE-4027-808C-96B451176066}.Release|Any CPU.ActiveCfg = Release|Any CPU
		{E0A57ACA-9CDE-4027-808C-96B451176066}.Release|Any CPU.Build.0 = Release|Any CPU
	EndGlobalSection
	GlobalSection(SolutionProperties) = preSolution
		HideSolutionNode = FALSE
	EndGlobalSection
	GlobalSection(ExtensibilityGlobals) = postSolution
		SolutionGuid = {C04497D3-BF46-4E0B-A0D0-1425C8FA4DCD}
	EndGlobalSection
EndGlobal
